// !$*UTF8*$!
{
	archiveVersion = 1;
	classes = {
	};
	objectVersion = 46;
	objects = {

/* Begin PBXBuildFile section */
		9B14164F1F7BF8CA00FE5B54 /* frontFinal.png in Resources */ = {isa = PBXBuildFile; fileRef = 9B14164E1F7BF8CA00FE5B54 /* frontFinal.png */; };
		9B21622F1F7D47E0000C8542 /* Icon-16.png in Resources */ = {isa = PBXBuildFile; fileRef = 9B2162111F7D47E0000C8542 /* Icon-16.png */; };
		9B2162301F7D47E0000C8542 /* Icon-20.png in Resources */ = {isa = PBXBuildFile; fileRef = 9B2162121F7D47E0000C8542 /* Icon-20.png */; };
		9B2162311F7D47E0000C8542 /* Icon-29.png in Resources */ = {isa = PBXBuildFile; fileRef = 9B2162131F7D47E0000C8542 /* Icon-29.png */; };
		9B2162321F7D47E0000C8542 /* Icon-32.png in Resources */ = {isa = PBXBuildFile; fileRef = 9B2162141F7D47E0000C8542 /* Icon-32.png */; };
		9B2162331F7D47E0000C8542 /* Icon-40.png in Resources */ = {isa = PBXBuildFile; fileRef = 9B2162151F7D47E0000C8542 /* Icon-40.png */; };
		9B2162341F7D47E0000C8542 /* Icon-48.png in Resources */ = {isa = PBXBuildFile; fileRef = 9B2162161F7D47E0000C8542 /* Icon-48.png */; };
		9B2162351F7D47E0000C8542 /* Icon-50.png in Resources */ = {isa = PBXBuildFile; fileRef = 9B2162171F7D47E0000C8542 /* Icon-50.png */; };
		9B2162361F7D47E0000C8542 /* Icon-55.png in Resources */ = {isa = PBXBuildFile; fileRef = 9B2162181F7D47E0000C8542 /* Icon-55.png */; };
		9B2162371F7D47E0000C8542 /* Icon-57.png in Resources */ = {isa = PBXBuildFile; fileRef = 9B2162191F7D47E0000C8542 /* Icon-57.png */; };
		9B2162381F7D47E0000C8542 /* Icon-58.png in Resources */ = {isa = PBXBuildFile; fileRef = 9B21621A1F7D47E0000C8542 /* Icon-58.png */; };
		9B2162391F7D47E0000C8542 /* Icon-60.png in Resources */ = {isa = PBXBuildFile; fileRef = 9B21621B1F7D47E0000C8542 /* Icon-60.png */; };
		9B21623A1F7D47E0000C8542 /* Icon-64.png in Resources */ = {isa = PBXBuildFile; fileRef = 9B21621C1F7D47E0000C8542 /* Icon-64.png */; };
		9B21623B1F7D47E0000C8542 /* Icon-72.png in Resources */ = {isa = PBXBuildFile; fileRef = 9B21621D1F7D47E0000C8542 /* Icon-72.png */; };
		9B21623C1F7D47E0000C8542 /* Icon-76.png in Resources */ = {isa = PBXBuildFile; fileRef = 9B21621E1F7D47E0000C8542 /* Icon-76.png */; };
		9B21623D1F7D47E0000C8542 /* Icon-80.png in Resources */ = {isa = PBXBuildFile; fileRef = 9B21621F1F7D47E0000C8542 /* Icon-80.png */; };
		9B21623E1F7D47E0000C8542 /* Icon-87.png in Resources */ = {isa = PBXBuildFile; fileRef = 9B2162201F7D47E0000C8542 /* Icon-87.png */; };
		9B21623F1F7D47E0000C8542 /* Icon-88.png in Resources */ = {isa = PBXBuildFile; fileRef = 9B2162211F7D47E0000C8542 /* Icon-88.png */; };
		9B2162401F7D47E0000C8542 /* Icon-100.png in Resources */ = {isa = PBXBuildFile; fileRef = 9B2162221F7D47E0000C8542 /* Icon-100.png */; };
		9B2162411F7D47E0000C8542 /* Icon-114.png in Resources */ = {isa = PBXBuildFile; fileRef = 9B2162231F7D47E0000C8542 /* Icon-114.png */; };
		9B2162421F7D47E0000C8542 /* Icon-120.png in Resources */ = {isa = PBXBuildFile; fileRef = 9B2162241F7D47E0000C8542 /* Icon-120.png */; };
		9B2162431F7D47E0000C8542 /* Icon-128.png in Resources */ = {isa = PBXBuildFile; fileRef = 9B2162251F7D47E0000C8542 /* Icon-128.png */; };
		9B2162441F7D47E0000C8542 /* Icon-144.png in Resources */ = {isa = PBXBuildFile; fileRef = 9B2162261F7D47E0000C8542 /* Icon-144.png */; };
		9B2162451F7D47E0000C8542 /* Icon-152.png in Resources */ = {isa = PBXBuildFile; fileRef = 9B2162271F7D47E0000C8542 /* Icon-152.png */; };
		9B2162461F7D47E0000C8542 /* Icon-167.png in Resources */ = {isa = PBXBuildFile; fileRef = 9B2162281F7D47E0000C8542 /* Icon-167.png */; };
		9B2162471F7D47E0000C8542 /* Icon-172.png in Resources */ = {isa = PBXBuildFile; fileRef = 9B2162291F7D47E0000C8542 /* Icon-172.png */; };
		9B2162481F7D47E0000C8542 /* Icon-180.png in Resources */ = {isa = PBXBuildFile; fileRef = 9B21622A1F7D47E0000C8542 /* Icon-180.png */; };
		9B2162491F7D47E0000C8542 /* Icon-196.png in Resources */ = {isa = PBXBuildFile; fileRef = 9B21622B1F7D47E0000C8542 /* Icon-196.png */; };
		9B21624A1F7D47E0000C8542 /* Icon-256.png in Resources */ = {isa = PBXBuildFile; fileRef = 9B21622C1F7D47E0000C8542 /* Icon-256.png */; };
		9B21624B1F7D47E0000C8542 /* Icon-512.png in Resources */ = {isa = PBXBuildFile; fileRef = 9B21622D1F7D47E0000C8542 /* Icon-512.png */; };
		9B21624C1F7D47E0000C8542 /* Icon-1024.png in Resources */ = {isa = PBXBuildFile; fileRef = 9B21622E1F7D47E0000C8542 /* Icon-1024.png */; };
		9B47942A1F7AC561008612BB /* AppDelegate.swift in Sources */ = {isa = PBXBuildFile; fileRef = 9B4794291F7AC561008612BB /* AppDelegate.swift */; };
		9B47942C1F7AC561008612BB /* ViewController.swift in Sources */ = {isa = PBXBuildFile; fileRef = 9B47942B1F7AC561008612BB /* ViewController.swift */; };
		9B47942F1F7AC561008612BB /* Main.storyboard in Resources */ = {isa = PBXBuildFile; fileRef = 9B47942D1F7AC561008612BB /* Main.storyboard */; };
		9B4794311F7AC561008612BB /* Assets.xcassets in Resources */ = {isa = PBXBuildFile; fileRef = 9B4794301F7AC561008612BB /* Assets.xcassets */; };
		9B4794341F7AC561008612BB /* LaunchScreen.storyboard in Resources */ = {isa = PBXBuildFile; fileRef = 9B4794321F7AC561008612BB /* LaunchScreen.storyboard */; };
		9B4794AB1F7AED10008612BB /* background2.jpg in Resources */ = {isa = PBXBuildFile; fileRef = 9B4794961F7AED10008612BB /* background2.jpg */; };
		9B4794AC1F7AED10008612BB /* background3.png in Resources */ = {isa = PBXBuildFile; fileRef = 9B4794971F7AED10008612BB /* background3.png */; };
		9B4794AD1F7AED10008612BB /* background4.png in Resources */ = {isa = PBXBuildFile; fileRef = 9B4794981F7AED10008612BB /* background4.png */; };
		9B4794AE1F7AED10008612BB /* capa.png in Resources */ = {isa = PBXBuildFile; fileRef = 9B4794991F7AED10008612BB /* capa.png */; };
		9B4794AF1F7AED10008612BB /* cat.png in Resources */ = {isa = PBXBuildFile; fileRef = 9B47949A1F7AED10008612BB /* cat.png */; };
		9B4794B01F7AED10008612BB /* chicken.png in Resources */ = {isa = PBXBuildFile; fileRef = 9B47949B1F7AED10008612BB /* chicken.png */; };
		9B4794B11F7AED10008612BB /* dog.png in Resources */ = {isa = PBXBuildFile; fileRef = 9B47949C1F7AED10008612BB /* dog.png */; };
		9B4794B21F7AED10008612BB /* elephant.png in Resources */ = {isa = PBXBuildFile; fileRef = 9B47949D1F7AED10008612BB /* elephant.png */; };
		9B4794B31F7AED10008612BB /* frog.png in Resources */ = {isa = PBXBuildFile; fileRef = 9B47949E1F7AED10008612BB /* frog.png */; };
		9B4794B41F7AED10008612BB /* front.png in Resources */ = {isa = PBXBuildFile; fileRef = 9B47949F1F7AED10008612BB /* front.png */; };
		9B4794B51F7AED10008612BB /* front1.png in Resources */ = {isa = PBXBuildFile; fileRef = 9B4794A01F7AED10008612BB /* front1.png */; };
		9B4794B61F7AED10008612BB /* front2.png in Resources */ = {isa = PBXBuildFile; fileRef = 9B4794A11F7AED10008612BB /* front2.png */; };
		9B4794B71F7AED10008612BB /* front3.png in Resources */ = {isa = PBXBuildFile; fileRef = 9B4794A21F7AED10008612BB /* front3.png */; };
		9B4794B81F7AED10008612BB /* hippo.png in Resources */ = {isa = PBXBuildFile; fileRef = 9B4794A31F7AED10008612BB /* hippo.png */; };
		9B4794B91F7AED10008612BB /* kangaroo.png in Resources */ = {isa = PBXBuildFile; fileRef = 9B4794A41F7AED10008612BB /* kangaroo.png */; };
		9B4794BA1F7AED10008612BB /* lion.png in Resources */ = {isa = PBXBuildFile; fileRef = 9B4794A51F7AED10008612BB /* lion.png */; };
		9B4794BB1F7AED10008612BB /* panda.png in Resources */ = {isa = PBXBuildFile; fileRef = 9B4794A61F7AED10008612BB /* panda.png */; };
		9B4794BC1F7AED10008612BB /* penguin.png in Resources */ = {isa = PBXBuildFile; fileRef = 9B4794A71F7AED10008612BB /* penguin.png */; };
		9B4794BD1F7AED10008612BB /* porco.png in Resources */ = {isa = PBXBuildFile; fileRef = 9B4794A81F7AED10008612BB /* porco.png */; };
		9B4794BE1F7AED10008612BB /* tiger.png in Resources */ = {isa = PBXBuildFile; fileRef = 9B4794A91F7AED10008612BB /* tiger.png */; };
		9B4794BF1F7AED10008612BB /* tortue.png in Resources */ = {isa = PBXBuildFile; fileRef = 9B4794AA1F7AED10008612BB /* tortue.png */; };
/* End PBXBuildFile section */

/* Begin PBXFileReference section */
		9B14164E1F7BF8CA00FE5B54 /* frontFinal.png */ = {isa = PBXFileReference; lastKnownFileType = image.png; name = frontFinal.png; path = images/frontFinal.png; sourceTree = "<group>"; };
		9B2162111F7D47E0000C8542 /* Icon-16.png */ = {isa = PBXFileReference; lastKnownFileType = image.png; name = "Icon-16.png"; path = "images/icone/appiconmaker.co_ios/Icon-16.png"; sourceTree = "<group>"; };
		9B2162121F7D47E0000C8542 /* Icon-20.png */ = {isa = PBXFileReference; lastKnownFileType = image.png; name = "Icon-20.png"; path = "images/icone/appiconmaker.co_ios/Icon-20.png"; sourceTree = "<group>"; };
		9B2162131F7D47E0000C8542 /* Icon-29.png */ = {isa = PBXFileReference; lastKnownFileType = image.png; name = "Icon-29.png"; path = "images/icone/appiconmaker.co_ios/Icon-29.png"; sourceTree = "<group>"; };
		9B2162141F7D47E0000C8542 /* Icon-32.png */ = {isa = PBXFileReference; lastKnownFileType = image.png; name = "Icon-32.png"; path = "images/icone/appiconmaker.co_ios/Icon-32.png"; sourceTree = "<group>"; };
		9B2162151F7D47E0000C8542 /* Icon-40.png */ = {isa = PBXFileReference; lastKnownFileType = image.png; name = "Icon-40.png"; path = "images/icone/appiconmaker.co_ios/Icon-40.png"; sourceTree = "<group>"; };
		9B2162161F7D47E0000C8542 /* Icon-48.png */ = {isa = PBXFileReference; lastKnownFileType = image.png; name = "Icon-48.png"; path = "images/icone/appiconmaker.co_ios/Icon-48.png"; sourceTree = "<group>"; };
		9B2162171F7D47E0000C8542 /* Icon-50.png */ = {isa = PBXFileReference; lastKnownFileType = image.png; name = "Icon-50.png"; path = "images/icone/appiconmaker.co_ios/Icon-50.png"; sourceTree = "<group>"; };
		9B2162181F7D47E0000C8542 /* Icon-55.png */ = {isa = PBXFileReference; lastKnownFileType = image.png; name = "Icon-55.png"; path = "images/icone/appiconmaker.co_ios/Icon-55.png"; sourceTree = "<group>"; };
		9B2162191F7D47E0000C8542 /* Icon-57.png */ = {isa = PBXFileReference; lastKnownFileType = image.png; name = "Icon-57.png"; path = "images/icone/appiconmaker.co_ios/Icon-57.png"; sourceTree = "<group>"; };
		9B21621A1F7D47E0000C8542 /* Icon-58.png */ = {isa = PBXFileReference; lastKnownFileType = image.png; name = "Icon-58.png"; path = "images/icone/appiconmaker.co_ios/Icon-58.png"; sourceTree = "<group>"; };
		9B21621B1F7D47E0000C8542 /* Icon-60.png */ = {isa = PBXFileReference; lastKnownFileType = image.png; name = "Icon-60.png"; path = "images/icone/appiconmaker.co_ios/Icon-60.png"; sourceTree = "<group>"; };
		9B21621C1F7D47E0000C8542 /* Icon-64.png */ = {isa = PBXFileReference; lastKnownFileType = image.png; name = "Icon-64.png"; path = "images/icone/appiconmaker.co_ios/Icon-64.png"; sourceTree = "<group>"; };
		9B21621D1F7D47E0000C8542 /* Icon-72.png */ = {isa = PBXFileReference; lastKnownFileType = image.png; name = "Icon-72.png"; path = "images/icone/appiconmaker.co_ios/Icon-72.png"; sourceTree = "<group>"; };
		9B21621E1F7D47E0000C8542 /* Icon-76.png */ = {isa = PBXFileReference; lastKnownFileType = image.png; name = "Icon-76.png"; path = "images/icone/appiconmaker.co_ios/Icon-76.png"; sourceTree = "<group>"; };
		9B21621F1F7D47E0000C8542 /* Icon-80.png */ = {isa = PBXFileReference; lastKnownFileType = image.png; name = "Icon-80.png"; path = "images/icone/appiconmaker.co_ios/Icon-80.png"; sourceTree = "<group>"; };
		9B2162201F7D47E0000C8542 /* Icon-87.png */ = {isa = PBXFileReference; lastKnownFileType = image.png; name = "Icon-87.png"; path = "images/icone/appiconmaker.co_ios/Icon-87.png"; sourceTree = "<group>"; };
		9B2162211F7D47E0000C8542 /* Icon-88.png */ = {isa = PBXFileReference; lastKnownFileType = image.png; name = "Icon-88.png"; path = "images/icone/appiconmaker.co_ios/Icon-88.png"; sourceTree = "<group>"; };
		9B2162221F7D47E0000C8542 /* Icon-100.png */ = {isa = PBXFileReference; lastKnownFileType = image.png; name = "Icon-100.png"; path = "images/icone/appiconmaker.co_ios/Icon-100.png"; sourceTree = "<group>"; };
		9B2162231F7D47E0000C8542 /* Icon-114.png */ = {isa = PBXFileReference; lastKnownFileType = image.png; name = "Icon-114.png"; path = "images/icone/appiconmaker.co_ios/Icon-114.png"; sourceTree = "<group>"; };
		9B2162241F7D47E0000C8542 /* Icon-120.png */ = {isa = PBXFileReference; lastKnownFileType = image.png; name = "Icon-120.png"; path = "images/icone/appiconmaker.co_ios/Icon-120.png"; sourceTree = "<group>"; };
		9B2162251F7D47E0000C8542 /* Icon-128.png */ = {isa = PBXFileReference; lastKnownFileType = image.png; name = "Icon-128.png"; path = "images/icone/appiconmaker.co_ios/Icon-128.png"; sourceTree = "<group>"; };
		9B2162261F7D47E0000C8542 /* Icon-144.png */ = {isa = PBXFileReference; lastKnownFileType = image.png; name = "Icon-144.png"; path = "images/icone/appiconmaker.co_ios/Icon-144.png"; sourceTree = "<group>"; };
		9B2162271F7D47E0000C8542 /* Icon-152.png */ = {isa = PBXFileReference; lastKnownFileType = image.png; name = "Icon-152.png"; path = "images/icone/appiconmaker.co_ios/Icon-152.png"; sourceTree = "<group>"; };
		9B2162281F7D47E0000C8542 /* Icon-167.png */ = {isa = PBXFileReference; lastKnownFileType = image.png; name = "Icon-167.png"; path = "images/icone/appiconmaker.co_ios/Icon-167.png"; sourceTree = "<group>"; };
		9B2162291F7D47E0000C8542 /* Icon-172.png */ = {isa = PBXFileReference; lastKnownFileType = image.png; name = "Icon-172.png"; path = "images/icone/appiconmaker.co_ios/Icon-172.png"; sourceTree = "<group>"; };
		9B21622A1F7D47E0000C8542 /* Icon-180.png */ = {isa = PBXFileReference; lastKnownFileType = image.png; name = "Icon-180.png"; path = "images/icone/appiconmaker.co_ios/Icon-180.png"; sourceTree = "<group>"; };
		9B21622B1F7D47E0000C8542 /* Icon-196.png */ = {isa = PBXFileReference; lastKnownFileType = image.png; name = "Icon-196.png"; path = "images/icone/appiconmaker.co_ios/Icon-196.png"; sourceTree = "<group>"; };
		9B21622C1F7D47E0000C8542 /* Icon-256.png */ = {isa = PBXFileReference; lastKnownFileType = image.png; name = "Icon-256.png"; path = "images/icone/appiconmaker.co_ios/Icon-256.png"; sourceTree = "<group>"; };
		9B21622D1F7D47E0000C8542 /* Icon-512.png */ = {isa = PBXFileReference; lastKnownFileType = image.png; name = "Icon-512.png"; path = "images/icone/appiconmaker.co_ios/Icon-512.png"; sourceTree = "<group>"; };
		9B21622E1F7D47E0000C8542 /* Icon-1024.png */ = {isa = PBXFileReference; lastKnownFileType = image.png; name = "Icon-1024.png"; path = "images/icone/appiconmaker.co_ios/Icon-1024.png"; sourceTree = "<group>"; };
		9B4794261F7AC561008612BB /* TP2.app */ = {isa = PBXFileReference; explicitFileType = wrapper.application; includeInIndex = 0; path = TP2.app; sourceTree = BUILT_PRODUCTS_DIR; };
		9B4794291F7AC561008612BB /* AppDelegate.swift */ = {isa = PBXFileReference; lastKnownFileType = sourcecode.swift; path = AppDelegate.swift; sourceTree = "<group>"; };
		9B47942B1F7AC561008612BB /* ViewController.swift */ = {isa = PBXFileReference; lastKnownFileType = sourcecode.swift; path = ViewController.swift; sourceTree = "<group>"; };
		9B47942E1F7AC561008612BB /* Base */ = {isa = PBXFileReference; lastKnownFileType = file.storyboard; name = Base; path = Base.lproj/Main.storyboard; sourceTree = "<group>"; };
		9B4794301F7AC561008612BB /* Assets.xcassets */ = {isa = PBXFileReference; lastKnownFileType = folder.assetcatalog; path = Assets.xcassets; sourceTree = "<group>"; };
		9B4794331F7AC561008612BB /* Base */ = {isa = PBXFileReference; lastKnownFileType = file.storyboard; name = Base; path = Base.lproj/LaunchScreen.storyboard; sourceTree = "<group>"; };
		9B4794351F7AC561008612BB /* Info.plist */ = {isa = PBXFileReference; lastKnownFileType = text.plist.xml; path = Info.plist; sourceTree = "<group>"; };
		9B4794961F7AED10008612BB /* background2.jpg */ = {isa = PBXFileReference; lastKnownFileType = image.jpeg; name = background2.jpg; path = images/background2.jpg; sourceTree = "<group>"; };
		9B4794971F7AED10008612BB /* background3.png */ = {isa = PBXFileReference; lastKnownFileType = image.png; name = background3.png; path = images/background3.png; sourceTree = "<group>"; };
		9B4794981F7AED10008612BB /* background4.png */ = {isa = PBXFileReference; lastKnownFileType = image.png; name = background4.png; path = images/background4.png; sourceTree = "<group>"; };
		9B4794991F7AED10008612BB /* capa.png */ = {isa = PBXFileReference; lastKnownFileType = image.png; name = capa.png; path = images/capa.png; sourceTree = "<group>"; };
		9B47949A1F7AED10008612BB /* cat.png */ = {isa = PBXFileReference; lastKnownFileType = image.png; name = cat.png; path = images/cat.png; sourceTree = "<group>"; };
		9B47949B1F7AED10008612BB /* chicken.png */ = {isa = PBXFileReference; lastKnownFileType = image.png; name = chicken.png; path = images/chicken.png; sourceTree = "<group>"; };
		9B47949C1F7AED10008612BB /* dog.png */ = {isa = PBXFileReference; lastKnownFileType = image.png; name = dog.png; path = images/dog.png; sourceTree = "<group>"; };
		9B47949D1F7AED10008612BB /* elephant.png */ = {isa = PBXFileReference; lastKnownFileType = image.png; name = elephant.png; path = images/elephant.png; sourceTree = "<group>"; };
		9B47949E1F7AED10008612BB /* frog.png */ = {isa = PBXFileReference; lastKnownFileType = image.png; name = frog.png; path = images/frog.png; sourceTree = "<group>"; };
		9B47949F1F7AED10008612BB /* front.png */ = {isa = PBXFileReference; lastKnownFileType = image.png; name = front.png; path = images/front.png; sourceTree = "<group>"; };
		9B4794A01F7AED10008612BB /* front1.png */ = {isa = PBXFileReference; lastKnownFileType = image.png; name = front1.png; path = images/front1.png; sourceTree = "<group>"; };
		9B4794A11F7AED10008612BB /* front2.png */ = {isa = PBXFileReference; lastKnownFileType = image.png; name = front2.png; path = images/front2.png; sourceTree = "<group>"; };
		9B4794A21F7AED10008612BB /* front3.png */ = {isa = PBXFileReference; lastKnownFileType = image.png; name = front3.png; path = images/front3.png; sourceTree = "<group>"; };
		9B4794A31F7AED10008612BB /* hippo.png */ = {isa = PBXFileReference; lastKnownFileType = image.png; name = hippo.png; path = images/hippo.png; sourceTree = "<group>"; };
		9B4794A41F7AED10008612BB /* kangaroo.png */ = {isa = PBXFileReference; lastKnownFileType = image.png; name = kangaroo.png; path = images/kangaroo.png; sourceTree = "<group>"; };
		9B4794A51F7AED10008612BB /* lion.png */ = {isa = PBXFileReference; lastKnownFileType = image.png; name = lion.png; path = images/lion.png; sourceTree = "<group>"; };
		9B4794A61F7AED10008612BB /* panda.png */ = {isa = PBXFileReference; lastKnownFileType = image.png; name = panda.png; path = images/panda.png; sourceTree = "<group>"; };
		9B4794A71F7AED10008612BB /* penguin.png */ = {isa = PBXFileReference; lastKnownFileType = image.png; name = penguin.png; path = images/penguin.png; sourceTree = "<group>"; };
		9B4794A81F7AED10008612BB /* porco.png */ = {isa = PBXFileReference; lastKnownFileType = image.png; name = porco.png; path = images/porco.png; sourceTree = "<group>"; };
		9B4794A91F7AED10008612BB /* tiger.png */ = {isa = PBXFileReference; lastKnownFileType = image.png; name = tiger.png; path = images/tiger.png; sourceTree = "<group>"; };
		9B4794AA1F7AED10008612BB /* tortue.png */ = {isa = PBXFileReference; lastKnownFileType = image.png; name = tortue.png; path = images/tortue.png; sourceTree = "<group>"; };
/* End PBXFileReference section */

/* Begin PBXFrameworksBuildPhase section */
		9B4794231F7AC561008612BB /* Frameworks */ = {
			isa = PBXFrameworksBuildPhase;
			buildActionMask = 2147483647;
			files = (
			);
			runOnlyForDeploymentPostprocessing = 0;
		};
/* End PBXFrameworksBuildPhase section */

/* Begin PBXGroup section */
		9B2162101F7D47C1000C8542 /* icone */ = {
			isa = PBXGroup;
			children = (
				9B2162111F7D47E0000C8542 /* Icon-16.png */,
				9B2162121F7D47E0000C8542 /* Icon-20.png */,
				9B2162131F7D47E0000C8542 /* Icon-29.png */,
				9B2162141F7D47E0000C8542 /* Icon-32.png */,
				9B2162151F7D47E0000C8542 /* Icon-40.png */,
				9B2162161F7D47E0000C8542 /* Icon-48.png */,
				9B2162171F7D47E0000C8542 /* Icon-50.png */,
				9B2162181F7D47E0000C8542 /* Icon-55.png */,
				9B2162191F7D47E0000C8542 /* Icon-57.png */,
				9B21621A1F7D47E0000C8542 /* Icon-58.png */,
				9B21621B1F7D47E0000C8542 /* Icon-60.png */,
				9B21621C1F7D47E0000C8542 /* Icon-64.png */,
				9B21621D1F7D47E0000C8542 /* Icon-72.png */,
				9B21621E1F7D47E0000C8542 /* Icon-76.png */,
				9B21621F1F7D47E0000C8542 /* Icon-80.png */,
				9B2162201F7D47E0000C8542 /* Icon-87.png */,
				9B2162211F7D47E0000C8542 /* Icon-88.png */,
				9B2162221F7D47E0000C8542 /* Icon-100.png */,
				9B2162231F7D47E0000C8542 /* Icon-114.png */,
				9B2162241F7D47E0000C8542 /* Icon-120.png */,
				9B2162251F7D47E0000C8542 /* Icon-128.png */,
				9B2162261F7D47E0000C8542 /* Icon-144.png */,
				9B2162271F7D47E0000C8542 /* Icon-152.png */,
				9B2162281F7D47E0000C8542 /* Icon-167.png */,
				9B2162291F7D47E0000C8542 /* Icon-172.png */,
				9B21622A1F7D47E0000C8542 /* Icon-180.png */,
				9B21622B1F7D47E0000C8542 /* Icon-196.png */,
				9B21622C1F7D47E0000C8542 /* Icon-256.png */,
				9B21622D1F7D47E0000C8542 /* Icon-512.png */,
				9B21622E1F7D47E0000C8542 /* Icon-1024.png */,
			);
			name = icone;
			sourceTree = "<group>";
		};
		9B47941D1F7AC561008612BB = {
			isa = PBXGroup;
			children = (
				9B4794281F7AC561008612BB /* TP2 */,
				9B4794271F7AC561008612BB /* Products */,
			);
			sourceTree = "<group>";
		};
		9B4794271F7AC561008612BB /* Products */ = {
			isa = PBXGroup;
			children = (
				9B4794261F7AC561008612BB /* TP2.app */,
			);
			name = Products;
			sourceTree = "<group>";
		};
		9B4794281F7AC561008612BB /* TP2 */ = {
			isa = PBXGroup;
			children = (
				9B2162101F7D47C1000C8542 /* icone */,
				9B47943B1F7AC5B7008612BB /* Images */,
				9B4794291F7AC561008612BB /* AppDelegate.swift */,
				9B47942B1F7AC561008612BB /* ViewController.swift */,
				9B47942D1F7AC561008612BB /* Main.storyboard */,
				9B4794301F7AC561008612BB /* Assets.xcassets */,
				9B4794321F7AC561008612BB /* LaunchScreen.storyboard */,
				9B4794351F7AC561008612BB /* Info.plist */,
			);
			path = TP2;
			sourceTree = "<group>";
		};
		9B47943B1F7AC5B7008612BB /* Images */ = {
			isa = PBXGroup;
			children = (
				9B14164E1F7BF8CA00FE5B54 /* frontFinal.png */,
				9B4794961F7AED10008612BB /* background2.jpg */,
				9B4794971F7AED10008612BB /* background3.png */,
				9B4794981F7AED10008612BB /* background4.png */,
				9B4794991F7AED10008612BB /* capa.png */,
				9B47949A1F7AED10008612BB /* cat.png */,
				9B47949B1F7AED10008612BB /* chicken.png */,
				9B47949C1F7AED10008612BB /* dog.png */,
				9B47949D1F7AED10008612BB /* elephant.png */,
				9B47949E1F7AED10008612BB /* frog.png */,
				9B47949F1F7AED10008612BB /* front.png */,
				9B4794A01F7AED10008612BB /* front1.png */,
				9B4794A11F7AED10008612BB /* front2.png */,
				9B4794A21F7AED10008612BB /* front3.png */,
				9B4794A31F7AED10008612BB /* hippo.png */,
				9B4794A41F7AED10008612BB /* kangaroo.png */,
				9B4794A51F7AED10008612BB /* lion.png */,
				9B4794A61F7AED10008612BB /* panda.png */,
				9B4794A71F7AED10008612BB /* penguin.png */,
				9B4794A81F7AED10008612BB /* porco.png */,
				9B4794A91F7AED10008612BB /* tiger.png */,
				9B4794AA1F7AED10008612BB /* tortue.png */,
			);
			name = Images;
			sourceTree = "<group>";
		};
/* End PBXGroup section */

/* Begin PBXNativeTarget section */
		9B4794251F7AC561008612BB /* TP2 */ = {
			isa = PBXNativeTarget;
			buildConfigurationList = 9B4794381F7AC561008612BB /* Build configuration list for PBXNativeTarget "TP2" */;
			buildPhases = (
				9B4794221F7AC561008612BB /* Sources */,
				9B4794231F7AC561008612BB /* Frameworks */,
				9B4794241F7AC561008612BB /* Resources */,
			);
			buildRules = (
			);
			dependencies = (
			);
			name = TP2;
			productName = TP2;
			productReference = 9B4794261F7AC561008612BB /* TP2.app */;
			productType = "com.apple.product-type.application";
		};
/* End PBXNativeTarget section */

/* Begin PBXProject section */
		9B47941E1F7AC561008612BB /* Project object */ = {
			isa = PBXProject;
			attributes = {
				LastSwiftUpdateCheck = 0820;
				LastUpgradeCheck = 0820;
				ORGANIZATIONNAME = eleves;
				TargetAttributes = {
					9B4794251F7AC561008612BB = {
						CreatedOnToolsVersion = 8.2;
						ProvisioningStyle = Automatic;
					};
				};
			};
			buildConfigurationList = 9B4794211F7AC561008612BB /* Build configuration list for PBXProject "TP2" */;
			compatibilityVersion = "Xcode 3.2";
			developmentRegion = English;
			hasScannedForEncodings = 0;
			knownRegions = (
				en,
				Base,
			);
			mainGroup = 9B47941D1F7AC561008612BB;
			productRefGroup = 9B4794271F7AC561008612BB /* Products */;
			projectDirPath = "";
			projectRoot = "";
			targets = (
				9B4794251F7AC561008612BB /* TP2 */,
			);
		};
/* End PBXProject section */

/* Begin PBXResourcesBuildPhase section */
		9B4794241F7AC561008612BB /* Resources */ = {
			isa = PBXResourcesBuildPhase;
			buildActionMask = 2147483647;
			files = (
				9B21623A1F7D47E0000C8542 /* Icon-64.png in Resources */,
				9B4794BC1F7AED10008612BB /* penguin.png in Resources */,
				9B4794BB1F7AED10008612BB /* panda.png in Resources */,
				9B2162361F7D47E0000C8542 /* Icon-55.png in Resources */,
				9B2162461F7D47E0000C8542 /* Icon-167.png in Resources */,
				9B4794AB1F7AED10008612BB /* background2.jpg in Resources */,
				9B14164F1F7BF8CA00FE5B54 /* frontFinal.png in Resources */,
				9B2162321F7D47E0000C8542 /* Icon-32.png in Resources */,
				9B4794AC1F7AED10008612BB /* background3.png in Resources */,
				9B4794AF1F7AED10008612BB /* cat.png in Resources */,
				9B4794B21F7AED10008612BB /* elephant.png in Resources */,
				9B2162311F7D47E0000C8542 /* Icon-29.png in Resources */,
				9B4794B61F7AED10008612BB /* front2.png in Resources */,
				9B4794BE1F7AED10008612BB /* tiger.png in Resources */,
				9B2162451F7D47E0000C8542 /* Icon-152.png in Resources */,
				9B21623E1F7D47E0000C8542 /* Icon-87.png in Resources */,
				9B4794BF1F7AED10008612BB /* tortue.png in Resources */,
				9B2162401F7D47E0000C8542 /* Icon-100.png in Resources */,
				9B21623C1F7D47E0000C8542 /* Icon-76.png in Resources */,
				9B4794341F7AC561008612BB /* LaunchScreen.storyboard in Resources */,
				9B2162391F7D47E0000C8542 /* Icon-60.png in Resources */,
				9B2162381F7D47E0000C8542 /* Icon-58.png in Resources */,
				9B2162301F7D47E0000C8542 /* Icon-20.png in Resources */,
				9B2162471F7D47E0000C8542 /* Icon-172.png in Resources */,
				9B2162331F7D47E0000C8542 /* Icon-40.png in Resources */,
				9B21624B1F7D47E0000C8542 /* Icon-512.png in Resources */,
				9B4794B31F7AED10008612BB /* frog.png in Resources */,
				9B2162411F7D47E0000C8542 /* Icon-114.png in Resources */,
				9B4794B01F7AED10008612BB /* chicken.png in Resources */,
				9B4794AE1F7AED10008612BB /* capa.png in Resources */,
				9B4794B71F7AED10008612BB /* front3.png in Resources */,
				9B4794B11F7AED10008612BB /* dog.png in Resources */,
				9B4794B81F7AED10008612BB /* hippo.png in Resources */,
				9B2162371F7D47E0000C8542 /* Icon-57.png in Resources */,
				9B21622F1F7D47E0000C8542 /* Icon-16.png in Resources */,
				9B4794BA1F7AED10008612BB /* lion.png in Resources */,
				9B4794B51F7AED10008612BB /* front1.png in Resources */,
				9B4794B41F7AED10008612BB /* front.png in Resources */,
				9B2162481F7D47E0000C8542 /* Icon-180.png in Resources */,
				9B2162351F7D47E0000C8542 /* Icon-50.png in Resources */,
				9B21623B1F7D47E0000C8542 /* Icon-72.png in Resources */,
				9B2162431F7D47E0000C8542 /* Icon-128.png in Resources */,
				9B2162441F7D47E0000C8542 /* Icon-144.png in Resources */,
				9B4794BD1F7AED10008612BB /* porco.png in Resources */,
				9B4794311F7AC561008612BB /* Assets.xcassets in Resources */,
				9B21624A1F7D47E0000C8542 /* Icon-256.png in Resources */,
				9B4794AD1F7AED10008612BB /* background4.png in Resources */,
				9B2162491F7D47E0000C8542 /* Icon-196.png in Resources */,
				9B21623D1F7D47E0000C8542 /* Icon-80.png in Resources */,
				9B21623F1F7D47E0000C8542 /* Icon-88.png in Resources */,
				9B47942F1F7AC561008612BB /* Main.storyboard in Resources */,
				9B21624C1F7D47E0000C8542 /* Icon-1024.png in Resources */,
				9B4794B91F7AED10008612BB /* kangaroo.png in Resources */,
				9B2162421F7D47E0000C8542 /* Icon-120.png in Resources */,
				9B2162341F7D47E0000C8542 /* Icon-48.png in Resources */,
			);
			runOnlyForDeploymentPostprocessing = 0;
		};
/* End PBXResourcesBuildPhase section */

/* Begin PBXSourcesBuildPhase section */
		9B4794221F7AC561008612BB /* Sources */ = {
			isa = PBXSourcesBuildPhase;
			buildActionMask = 2147483647;
			files = (
				9B47942C1F7AC561008612BB /* ViewController.swift in Sources */,
				9B47942A1F7AC561008612BB /* AppDelegate.swift in Sources */,
			);
			runOnlyForDeploymentPostprocessing = 0;
		};
/* End PBXSourcesBuildPhase section */

/* Begin PBXVariantGroup section */
		9B47942D1F7AC561008612BB /* Main.storyboard */ = {
			isa = PBXVariantGroup;
			children = (
				9B47942E1F7AC561008612BB /* Base */,
			);
			name = Main.storyboard;
			sourceTree = "<group>";
		};
		9B4794321F7AC561008612BB /* LaunchScreen.storyboard */ = {
			isa = PBXVariantGroup;
			children = (
				9B4794331F7AC561008612BB /* Base */,
			);
			name = LaunchScreen.storyboard;
			sourceTree = "<group>";
		};
/* End PBXVariantGroup section */

/* Begin XCBuildConfiguration section */
		9B4794361F7AC561008612BB /* Debug */ = {
			isa = XCBuildConfiguration;
			buildSettings = {
				ALWAYS_SEARCH_USER_PATHS = NO;
				CLANG_ANALYZER_NONNULL = YES;
				CLANG_CXX_LANGUAGE_STANDARD = "gnu++0x";
				CLANG_CXX_LIBRARY = "libc++";
				CLANG_ENABLE_MODULES = YES;
				CLANG_ENABLE_OBJC_ARC = YES;
				CLANG_WARN_BOOL_CONVERSION = YES;
				CLANG_WARN_CONSTANT_CONVERSION = YES;
				CLANG_WARN_DIRECT_OBJC_ISA_USAGE = YES_ERROR;
				CLANG_WARN_DOCUMENTATION_COMMENTS = YES;
				CLANG_WARN_EMPTY_BODY = YES;
				CLANG_WARN_ENUM_CONVERSION = YES;
				CLANG_WARN_INFINITE_RECURSION = YES;
				CLANG_WARN_INT_CONVERSION = YES;
				CLANG_WARN_OBJC_ROOT_CLASS = YES_ERROR;
				CLANG_WARN_SUSPICIOUS_MOVE = YES;
				CLANG_WARN_UNREACHABLE_CODE = YES;
				CLANG_WARN__DUPLICATE_METHOD_MATCH = YES;
				"CODE_SIGN_IDENTITY[sdk=iphoneos*]" = "iPhone Developer";
				COPY_PHASE_STRIP = NO;
				DEBUG_INFORMATION_FORMAT = dwarf;
				ENABLE_STRICT_OBJC_MSGSEND = YES;
				ENABLE_TESTABILITY = YES;
				GCC_C_LANGUAGE_STANDARD = gnu99;
				GCC_DYNAMIC_NO_PIC = NO;
				GCC_NO_COMMON_BLOCKS = YES;
				GCC_OPTIMIZATION_LEVEL = 0;
				GCC_PREPROCESSOR_DEFINITIONS = (
					"DEBUG=1",
					"$(inherited)",
				);
				GCC_WARN_64_TO_32_BIT_CONVERSION = YES;
				GCC_WARN_ABOUT_RETURN_TYPE = YES_ERROR;
				GCC_WARN_UNDECLARED_SELECTOR = YES;
				GCC_WARN_UNINITIALIZED_AUTOS = YES_AGGRESSIVE;
				GCC_WARN_UNUSED_FUNCTION = YES;
				GCC_WARN_UNUSED_VARIABLE = YES;
				IPHONEOS_DEPLOYMENT_TARGET = 10.2;
				MTL_ENABLE_DEBUG_INFO = YES;
				ONLY_ACTIVE_ARCH = YES;
				SDKROOT = iphoneos;
				SWIFT_ACTIVE_COMPILATION_CONDITIONS = DEBUG;
				SWIFT_OPTIMIZATION_LEVEL = "-Onone";
				TARGETED_DEVICE_FAMILY = 2;
			};
			name = Debug;
		};
		9B4794371F7AC561008612BB /* Release */ = {
			isa = XCBuildConfiguration;
			buildSettings = {
				ALWAYS_SEARCH_USER_PATHS = NO;
				CLANG_ANALYZER_NONNULL = YES;
				CLANG_CXX_LANGUAGE_STANDARD = "gnu++0x";
				CLANG_CXX_LIBRARY = "libc++";
				CLANG_ENABLE_MODULES = YES;
				CLANG_ENABLE_OBJC_ARC = YES;
				CLANG_WARN_BOOL_CONVERSION = YES;
				CLANG_WARN_CONSTANT_CONVERSION = YES;
				CLANG_WARN_DIRECT_OBJC_ISA_USAGE = YES_ERROR;
				CLANG_WARN_DOCUMENTATION_COMMENTS = YES;
				CLANG_WARN_EMPTY_BODY = YES;
				CLANG_WARN_ENUM_CONVERSION = YES;
				CLANG_WARN_INFINITE_RECURSION = YES;
				CLANG_WARN_INT_CONVERSION = YES;
				CLANG_WARN_OBJC_ROOT_CLASS = YES_ERROR;
				CLANG_WARN_SUSPICIOUS_MOVE = YES;
				CLANG_WARN_UNREACHABLE_CODE = YES;
				CLANG_WARN__DUPLICATE_METHOD_MATCH = YES;
				"CODE_SIGN_IDENTITY[sdk=iphoneos*]" = "iPhone Developer";
				COPY_PHASE_STRIP = NO;
				DEBUG_INFORMATION_FORMAT = "dwarf-with-dsym";
				ENABLE_NS_ASSERTIONS = NO;
				ENABLE_STRICT_OBJC_MSGSEND = YES;
				GCC_C_LANGUAGE_STANDARD = gnu99;
				GCC_NO_COMMON_BLOCKS = YES;
				GCC_WARN_64_TO_32_BIT_CONVERSION = YES;
				GCC_WARN_ABOUT_RETURN_TYPE = YES_ERROR;
				GCC_WARN_UNDECLARED_SELECTOR = YES;
				GCC_WARN_UNINITIALIZED_AUTOS = YES_AGGRESSIVE;
				GCC_WARN_UNUSED_FUNCTION = YES;
				GCC_WARN_UNUSED_VARIABLE = YES;
				IPHONEOS_DEPLOYMENT_TARGET = 10.2;
				MTL_ENABLE_DEBUG_INFO = NO;
				SDKROOT = iphoneos;
				SWIFT_OPTIMIZATION_LEVEL = "-Owholemodule";
				TARGETED_DEVICE_FAMILY = 2;
				VALIDATE_PRODUCT = YES;
			};
			name = Release;
		};
		9B4794391F7AC561008612BB /* Debug */ = {
			isa = XCBuildConfiguration;
			buildSettings = {
				ASSETCATALOG_COMPILER_APPICON_NAME = AppIcon;
				INFOPLIST_FILE = TP2/Info.plist;
				LD_RUNPATH_SEARCH_PATHS = "$(inherited) @executable_path/Frameworks";
				PRODUCT_BUNDLE_IDENTIFIER = com.chlopes.TP2;
				PRODUCT_NAME = "$(TARGET_NAME)";
				SWIFT_VERSION = 3.0;
			};
			name = Debug;
		};
		9B47943A1F7AC561008612BB /* Release */ = {
			isa = XCBuildConfiguration;
			buildSettings = {
				ASSETCATALOG_COMPILER_APPICON_NAME = AppIcon;
				INFOPLIST_FILE = TP2/Info.plist;
				LD_RUNPATH_SEARCH_PATHS = "$(inherited) @executable_path/Frameworks";
				PRODUCT_BUNDLE_IDENTIFIER = com.chlopes.TP2;
				PRODUCT_NAME = "$(TARGET_NAME)";
				SWIFT_VERSION = 3.0;
			};
			name = Release;
		};
/* End XCBuildConfiguration section */

/* Begin XCConfigurationList section */
		9B4794211F7AC561008612BB /* Build configuration list for PBXProject "TP2" */ = {
			isa = XCConfigurationList;
			buildConfigurations = (
				9B4794361F7AC561008612BB /* Debug */,
				9B4794371F7AC561008612BB /* Release */,
			);
			defaultConfigurationIsVisible = 0;
			defaultConfigurationName = Release;
		};
		9B4794381F7AC561008612BB /* Build configuration list for PBXNativeTarget "TP2" */ = {
			isa = XCConfigurationList;
			buildConfigurations = (
				9B4794391F7AC561008612BB /* Debug */,
				9B47943A1F7AC561008612BB /* Release */,
			);
			defaultConfigurationIsVisible = 0;
			defaultConfigurationName = Release;
		};
/* End XCConfigurationList section */
	};
	rootObject = 9B47941E1F7AC561008612BB /* Project object */;
}
